
Microsoft Visual Studio Solution File, Format Version 12.00
# Visual Studio 2013
VisualStudioVersion = 12.0.31101.0
MinimumVisualStudioVersion = 10.0.40219.1
Project("{8BC9CEB8-8B4A-11D0-8D11-00A0C91BC942}") = "opensea-transport-Lib", "opensea-transport\opensea-transport.vcxproj", "{7DAC7F63-E808-47FD-BEEB-33E4A870008B}"
EndProject
Project("{8BC9CEB8-8B4A-11D0-8D11-00A0C91BC942}") = "opensea-transport-DLL", "opensea-transport-DLL\opensea-transport-DLL.vcxproj", "{EC785B2D-14C3-4AAF-AF33-595BFC96343C}"
EndProject
Global
	GlobalSection(SolutionConfigurationPlatforms) = preSolution
		Debug|Win32 = Debug|Win32
		Debug|x64 = Debug|x64
		Release|Win32 = Release|Win32
		Release|x64 = Release|x64
		Static-Debug|Win32 = Static-Debug|Win32
		Static-Debug|x64 = Static-Debug|x64
		Static-Release|Win32 = Static-Release|Win32
		Static-Release|x64 = Static-Release|x64
	EndGlobalSection
	GlobalSection(ProjectConfigurationPlatforms) = postSolution
		{7DAC7F63-E808-47FD-BEEB-33E4A870008B}.Debug|Win32.ActiveCfg = Debug|Win32
		{7DAC7F63-E808-47FD-BEEB-33E4A870008B}.Debug|Win32.Build.0 = Debug|Win32
		{7DAC7F63-E808-47FD-BEEB-33E4A870008B}.Debug|x64.ActiveCfg = Debug|x64
		{7DAC7F63-E808-47FD-BEEB-33E4A870008B}.Debug|x64.Build.0 = Debug|x64
		{7DAC7F63-E808-47FD-BEEB-33E4A870008B}.Release|Win32.ActiveCfg = Release|Win32
		{7DAC7F63-E808-47FD-BEEB-33E4A870008B}.Release|Win32.Build.0 = Release|Win32
		{7DAC7F63-E808-47FD-BEEB-33E4A870008B}.Release|x64.ActiveCfg = Release|x64
		{7DAC7F63-E808-47FD-BEEB-33E4A870008B}.Release|x64.Build.0 = Release|x64
		{7DAC7F63-E808-47FD-BEEB-33E4A870008B}.Static-Debug|Win32.ActiveCfg = Static-Debug|Win32
		{7DAC7F63-E808-47FD-BEEB-33E4A870008B}.Static-Debug|Win32.Build.0 = Static-Debug|Win32
		{7DAC7F63-E808-47FD-BEEB-33E4A870008B}.Static-Debug|x64.ActiveCfg = Static-Debug|x64
		{7DAC7F63-E808-47FD-BEEB-33E4A870008B}.Static-Debug|x64.Build.0 = Static-Debug|x64
		{7DAC7F63-E808-47FD-BEEB-33E4A870008B}.Static-Release|Win32.ActiveCfg = Static-Release|Win32
		{7DAC7F63-E808-47FD-BEEB-33E4A870008B}.Static-Release|Win32.Build.0 = Static-Release|Win32
		{7DAC7F63-E808-47FD-BEEB-33E4A870008B}.Static-Release|x64.ActiveCfg = Static-Release|x64
		{7DAC7F63-E808-47FD-BEEB-33E4A870008B}.Static-Release|x64.Build.0 = Static-Release|x64
		{EC785B2D-14C3-4AAF-AF33-595BFC96343C}.Debug|Win32.ActiveCfg = Debug|Win32
		{EC785B2D-14C3-4AAF-AF33-595BFC96343C}.Debug|Win32.Build.0 = Debug|Win32
		{EC785B2D-14C3-4AAF-AF33-595BFC96343C}.Debug|x64.ActiveCfg = Debug|x64
		{EC785B2D-14C3-4AAF-AF33-595BFC96343C}.Debug|x64.Build.0 = Debug|x64
		{EC785B2D-14C3-4AAF-AF33-595BFC96343C}.Release|Win32.ActiveCfg = Release|Win32
		{EC785B2D-14C3-4AAF-AF33-595BFC96343C}.Release|Win32.Build.0 = Release|Win32
		{EC785B2D-14C3-4AAF-AF33-595BFC96343C}.Release|x64.ActiveCfg = Release|x64
		{EC785B2D-14C3-4AAF-AF33-595BFC96343C}.Release|x64.Build.0 = Release|x64
		{EC785B2D-14C3-4AAF-AF33-595BFC96343C}.Static-Debug|Win32.ActiveCfg = Static-Debug|Win32
		{EC785B2D-14C3-4AAF-AF33-595BFC96343C}.Static-Debug|Win32.Build.0 = Static-Debug|Win32
		{EC785B2D-14C3-4AAF-AF33-595BFC96343C}.Static-Debug|x64.ActiveCfg = Static-Debug|x64
		{EC785B2D-14C3-4AAF-AF33-595BFC96343C}.Static-Debug|x64.Build.0 = Static-Debug|x64
		{EC785B2D-14C3-4AAF-AF33-595BFC96343C}.Static-Release|Win32.ActiveCfg = Static-Release|Win32
		{EC785B2D-14C3-4AAF-AF33-595BFC96343C}.Static-Release|Win32.Build.0 = Static-Release|Win32
		{EC785B2D-14C3-4AAF-AF33-595BFC96343C}.Static-Release|x64.ActiveCfg = Static-Release|x64
		{EC785B2D-14C3-4AAF-AF33-595BFC96343C}.Static-Release|x64.Build.0 = Static-Release|x64
	EndGlobalSection
	GlobalSection(SolutionProperties) = preSolution
		HideSolutionNode = FALSE
	EndGlobalSection
EndGlobal
